{
  "name": "node",
  "lockfileVersion": 2,
  "requires": true,
  "packages": {
    "": {
      "devDependencies": {
        "@types/node": "^16.11.65"
      }
    },
    "node_modules/@types/node": {
      "version": "16.11.65",
      "resolved": "https://registry.npmjs.org/@types/node/-/node-16.11.65.tgz",
      "integrity": "sha512-Vfz7wGMOr4jbQGiQHVJm8VjeQwM9Ya7mHe9LtQ264/Epf5n1KiZShOFqk++nBzw6a/ubgYdB9Od7P+MH/LjoWw==",
      "dev": true
    }
  },
  "dependencies": {
    "@types/node": {
      "version": "16.11.65",
      "resolved": "https://registry.npmjs.org/@types/node/-/node-16.11.65.tgz",
      "integrity": "sha512-Vfz7wGMOr4jbQGiQHVJm8VjeQwM9Ya7mHe9LtQ264/Epf5n1KiZShOFqk++nBzw6a/ubgYdB9Od7P+MH/LjoWw==",
      "dev": true
    }
  }
}
